
Microsoft Visual Studio Solution File, Format Version 12.00
# Visual Studio 14
VisualStudioVersion = 14.0.25420.1
MinimumVisualStudioVersion = 10.0.40219.1
Project("{FAE04EC0-301F-11D3-BF4B-00C04F79EFBC}") = "PlayingCards", "PlayingCardsModuleTest\PlayingCards.csproj", "{CD62E96A-00AB-4A99-9D12-E549C1D685F9}"
EndProject
Project("{FAE04EC0-301F-11D3-BF4B-00C04F79EFBC}") = "PlayingCardsTest.Library", "PlayingCardsTest.Library\PlayingCardsTest.Library.csproj", "{7FC87608-17E1-4D68-8BB6-D5F24E8CF29F}"
EndProject
Global
	GlobalSection(SolutionConfigurationPlatforms) = preSolution
		Debug|Any CPU = Debug|Any CPU
		Release|Any CPU = Release|Any CPU
	EndGlobalSection
	GlobalSection(ProjectConfigurationPlatforms) = postSolution
		{CD62E96A-00AB-4A99-9D12-E549C1D685F9}.Debug|Any CPU.ActiveCfg = Debug|Any CPU
		{CD62E96A-00AB-4A99-9D12-E549C1D685F9}.Debug|Any CPU.Build.0 = Debug|Any CPU
		{CD62E96A-00AB-4A99-9D12-E549C1D685F9}.Release|Any CPU.ActiveCfg = Release|Any CPU
		{CD62E96A-00AB-4A99-9D12-E549C1D685F9}.Release|Any CPU.Build.0 = Release|Any CPU
		{7FC87608-17E1-4D68-8BB6-D5F24E8CF29F}.Debug|Any CPU.ActiveCfg = Debug|Any CPU
		{7FC87608-17E1-4D68-8BB6-D5F24E8CF29F}.Debug|Any CPU.Build.0 = Debug|Any CPU
		{7FC87608-17E1-4D68-8BB6-D5F24E8CF29F}.Release|Any CPU.ActiveCfg = Release|Any CPU
		{7FC87608-17E1-4D68-8BB6-D5F24E8CF29F}.Release|Any CPU.Build.0 = Release|Any CPU
	EndGlobalSection
	GlobalSection(SolutionProperties) = preSolution
		HideSolutionNode = FALSE
	EndGlobalSection
EndGlobal
