
Microsoft Visual Studio Solution File, Format Version 12.00
# Visual Studio 14
VisualStudioVersion = 14.0.25420.1
MinimumVisualStudioVersion = 10.0.40219.1
Project("{FAE04EC0-301F-11D3-BF4B-00C04F79EFBC}") = "InputOutput", "InputOutput\InputOutput.csproj", "{742320EA-9081-4DC2-B165-87BBDA487AC0}"
EndProject
Project("{FAE04EC0-301F-11D3-BF4B-00C04F79EFBC}") = "ValidInput.Tests", "NUnitTestLibrary\ValidInput.Tests.csproj", "{3D6A6032-A2EB-4CAE-8BBE-FC45FC8B0B20}"
EndProject
Project("{FAE04EC0-301F-11D3-BF4B-00C04F79EFBC}") = "ValidInput.Library", "ValidInput.Library\ValidInput.Library.csproj", "{562254B5-75A9-4090-B3B9-BCF1B49DDCFC}"
EndProject
Global
	GlobalSection(SolutionConfigurationPlatforms) = preSolution
		Debug|Any CPU = Debug|Any CPU
		Release|Any CPU = Release|Any CPU
	EndGlobalSection
	GlobalSection(ProjectConfigurationPlatforms) = postSolution
		{742320EA-9081-4DC2-B165-87BBDA487AC0}.Debug|Any CPU.ActiveCfg = Debug|Any CPU
		{742320EA-9081-4DC2-B165-87BBDA487AC0}.Debug|Any CPU.Build.0 = Debug|Any CPU
		{742320EA-9081-4DC2-B165-87BBDA487AC0}.Release|Any CPU.ActiveCfg = Release|Any CPU
		{742320EA-9081-4DC2-B165-87BBDA487AC0}.Release|Any CPU.Build.0 = Release|Any CPU
		{3D6A6032-A2EB-4CAE-8BBE-FC45FC8B0B20}.Debug|Any CPU.ActiveCfg = Debug|Any CPU
		{3D6A6032-A2EB-4CAE-8BBE-FC45FC8B0B20}.Debug|Any CPU.Build.0 = Debug|Any CPU
		{3D6A6032-A2EB-4CAE-8BBE-FC45FC8B0B20}.Release|Any CPU.ActiveCfg = Release|Any CPU
		{3D6A6032-A2EB-4CAE-8BBE-FC45FC8B0B20}.Release|Any CPU.Build.0 = Release|Any CPU
		{562254B5-75A9-4090-B3B9-BCF1B49DDCFC}.Debug|Any CPU.ActiveCfg = Debug|Any CPU
		{562254B5-75A9-4090-B3B9-BCF1B49DDCFC}.Debug|Any CPU.Build.0 = Debug|Any CPU
		{562254B5-75A9-4090-B3B9-BCF1B49DDCFC}.Release|Any CPU.ActiveCfg = Release|Any CPU
		{562254B5-75A9-4090-B3B9-BCF1B49DDCFC}.Release|Any CPU.Build.0 = Release|Any CPU
	EndGlobalSection
	GlobalSection(SolutionProperties) = preSolution
		HideSolutionNode = FALSE
	EndGlobalSection
EndGlobal
